
Microsoft Visual Studio Solution File, Format Version 12.00
Project("{FAE04EC0-301F-11D3-BF4B-00C04F79EFBC}") = "Remora.Commands", "Remora.Commands\Remora.Commands.csproj", "{482F4A1D-AF0F-49BD-B248-BAAB6CAD598E}"
EndProject
Project("{FAE04EC0-301F-11D3-BF4B-00C04F79EFBC}") = "Remora.Commands.Tests", "Tests\Remora.Commands.Tests\Remora.Commands.Tests.csproj", "{17F0B333-D282-4A72-8AF0-F9042674A4B3}"
EndProject
Project("{2150E333-8FDC-42A3-9474-1A3956D46DE8}") = "Tests", "Tests", "{69F39D4E-EA11-4291-AAE6-AD1E40A97EAD}"
EndProject
Project("{2150E333-8FDC-42A3-9474-1A3956D46DE8}") = "meta", "meta", "{5724BC99-30EE-44A4-A69F-EE95DF06B6AE}"
ProjectSection(SolutionItems) = preProject
	LICENSE = LICENSE
	stylecop.json = stylecop.json
	stylecop.ruleset = stylecop.ruleset
	Directory.Build.props = Directory.Build.props
	README.md = README.md
EndProjectSection
EndProject
Global
	GlobalSection(SolutionConfigurationPlatforms) = preSolution
		Debug|Any CPU = Debug|Any CPU
		Release|Any CPU = Release|Any CPU
	EndGlobalSection
	GlobalSection(ProjectConfigurationPlatforms) = postSolution
		{482F4A1D-AF0F-49BD-B248-BAAB6CAD598E}.Debug|Any CPU.ActiveCfg = Debug|Any CPU
		{482F4A1D-AF0F-49BD-B248-BAAB6CAD598E}.Debug|Any CPU.Build.0 = Debug|Any CPU
		{482F4A1D-AF0F-49BD-B248-BAAB6CAD598E}.Release|Any CPU.ActiveCfg = Release|Any CPU
		{482F4A1D-AF0F-49BD-B248-BAAB6CAD598E}.Release|Any CPU.Build.0 = Release|Any CPU
		{17F0B333-D282-4A72-8AF0-F9042674A4B3}.Debug|Any CPU.ActiveCfg = Debug|Any CPU
		{17F0B333-D282-4A72-8AF0-F9042674A4B3}.Debug|Any CPU.Build.0 = Debug|Any CPU
		{17F0B333-D282-4A72-8AF0-F9042674A4B3}.Release|Any CPU.ActiveCfg = Release|Any CPU
		{17F0B333-D282-4A72-8AF0-F9042674A4B3}.Release|Any CPU.Build.0 = Release|Any CPU
	EndGlobalSection
	GlobalSection(NestedProjects) = preSolution
		{17F0B333-D282-4A72-8AF0-F9042674A4B3} = {69F39D4E-EA11-4291-AAE6-AD1E40A97EAD}
	EndGlobalSection
EndGlobal
